PODS:
  - Movesense (1.63.0)

DEPENDENCIES:
  - Movesense (from `https://bitbucket.org/movesense/movesense-mobile-lib.git`)

EXTERNAL SOURCES:
  Movesense:
    :git: https://bitbucket.org/movesense/movesense-mobile-lib.git

CHECKOUT OPTIONS:
  Movesense:
    :commit: 4513b8244107789f4228f2005d403a7ce3483b64
    :git: https://bitbucket.org/movesense/movesense-mobile-lib.git

SPEC CHECKSUMS:
  Movesense: 0c7639d6797391f288855b94d074e4681007dbc2

PODFILE CHECKSUM: 16f3104aef917a1855ce05f616368f4b4d90b2b0

COCOAPODS: 1.11.3
