PODS:
  - Movesense (1.68.0)

DEPENDENCIES:
  - Movesense (from `https://bitbucket.org/movesense/movesense-mobile-lib.git`)

EXTERNAL SOURCES:
  Movesense:
    :git: https://bitbucket.org/movesense/movesense-mobile-lib.git

CHECKOUT OPTIONS:
  Movesense:
    :commit: 0b5bd21997b05aded8db4127da47278112dc8acd
    :git: https://bitbucket.org/movesense/movesense-mobile-lib.git

SPEC CHECKSUMS:
  Movesense: 24105140ddd6232c45802d94a37687edbca41dca

PODFILE CHECKSUM: 16f3104aef917a1855ce05f616368f4b4d90b2b0

COCOAPODS: 1.11.3
