// !$*UTF8*$!
{
	archiveVersion = 1;
	classes = {
	};
	objectVersion = 55;
	objects = {

/* Begin PBXBuildFile section */
		0600E2B42805651E00265E2D /* SenseiParser.swift in Sources */ = {isa = PBXBuildFile; fileRef = 0600E2AD2805651D00265E2D /* SenseiParser.swift */; };
		0600E2B52805651E00265E2D /* testDataSensei2062.json in Resources */ = {isa = PBXBuildFile; fileRef = 0600E2AE2805651E00265E2D /* testDataSensei2062.json */; };
		0600E2B62805651E00265E2D /* testDataSensei1852.json in Resources */ = {isa = PBXBuildFile; fileRef = 0600E2AF2805651E00265E2D /* testDataSensei1852.json */; };
		0600E2B72805651E00265E2D /* testDataElevator2061.json in Resources */ = {isa = PBXBuildFile; fileRef = 0600E2B02805651E00265E2D /* testDataElevator2061.json */; };
		0600E2B82805651E00265E2D /* testDataElevator2062.json in Resources */ = {isa = PBXBuildFile; fileRef = 0600E2B12805651E00265E2D /* testDataElevator2062.json */; };
		0600E2B92805651E00265E2D /* testDataSensei1851.json in Resources */ = {isa = PBXBuildFile; fileRef = 0600E2B22805651E00265E2D /* testDataSensei1851.json */; };
		0600E2BA2805651E00265E2D /* testDataSensei2061.json in Resources */ = {isa = PBXBuildFile; fileRef = 0600E2B32805651E00265E2D /* testDataSensei2061.json */; };
		061668A8280414EA004E6CFC /* MovesenseCodingKeys.swift in Sources */ = {isa = PBXBuildFile; fileRef = 06166896280414E8004E6CFC /* MovesenseCodingKeys.swift */; };
		061668A9280414EA004E6CFC /* MovesenseConnection.swift in Sources */ = {isa = PBXBuildFile; fileRef = 06166897280414E8004E6CFC /* MovesenseConnection.swift */; };
		061668AA280414EA004E6CFC /* MovesenseOperation.swift in Sources */ = {isa = PBXBuildFile; fileRef = 06166898280414E8004E6CFC /* MovesenseOperation.swift */; };
		061668AB280414EA004E6CFC /* MovesenseResource.swift in Sources */ = {isa = PBXBuildFile; fileRef = 06166899280414E8004E6CFC /* MovesenseResource.swift */; };
		061668AC280414EA004E6CFC /* MovesenseBleController.swift in Sources */ = {isa = PBXBuildFile; fileRef = 0616689A280414E9004E6CFC /* MovesenseBleController.swift */; };
		061668AD280414EA004E6CFC /* MovesenseRequest.swift in Sources */ = {isa = PBXBuildFile; fileRef = 0616689B280414E9004E6CFC /* MovesenseRequest.swift */; };
		061668AE280414EA004E6CFC /* Observer.swift in Sources */ = {isa = PBXBuildFile; fileRef = 0616689C280414E9004E6CFC /* Observer.swift */; };
		061668AF280414EA004E6CFC /* MovesenseController.swift in Sources */ = {isa = PBXBuildFile; fileRef = 0616689D280414E9004E6CFC /* MovesenseController.swift */; };
		061668B0280414EA004E6CFC /* MovesenseApi.swift in Sources */ = {isa = PBXBuildFile; fileRef = 0616689E280414E9004E6CFC /* MovesenseApi.swift */; };
		061668B1280414EA004E6CFC /* MovesenseApiConcrete.swift in Sources */ = {isa = PBXBuildFile; fileRef = 0616689F280414E9004E6CFC /* MovesenseApiConcrete.swift */; };
		061668B2280414EA004E6CFC /* MovesenseEvent.swift in Sources */ = {isa = PBXBuildFile; fileRef = 061668A0280414E9004E6CFC /* MovesenseEvent.swift */; };
		061668B3280414EA004E6CFC /* MovesenseTypes.swift in Sources */ = {isa = PBXBuildFile; fileRef = 061668A1280414E9004E6CFC /* MovesenseTypes.swift */; };
		061668B4280414EA004E6CFC /* MovesenseModel.swift in Sources */ = {isa = PBXBuildFile; fileRef = 061668A2280414E9004E6CFC /* MovesenseModel.swift */; };
		061668B5280414EA004E6CFC /* MovesenseResponse.swift in Sources */ = {isa = PBXBuildFile; fileRef = 061668A3280414E9004E6CFC /* MovesenseResponse.swift */; };
		061668B6280414EA004E6CFC /* MovesenseDeviceConcrete.swift in Sources */ = {isa = PBXBuildFile; fileRef = 061668A4280414E9004E6CFC /* MovesenseDeviceConcrete.swift */; };
		061668B7280414EA004E6CFC /* Collection+subscript.swift in Sources */ = {isa = PBXBuildFile; fileRef = 061668A6280414EA004E6CFC /* Collection+subscript.swift */; };
		061668B8280414EA004E6CFC /* MovesenseMethodParameter.swift in Sources */ = {isa = PBXBuildFile; fileRef = 061668A7280414EA004E6CFC /* MovesenseMethodParameter.swift */; };
		0617B60227F59B5100CACA99 /* BLEManager.swift in Sources */ = {isa = PBXBuildFile; fileRef = 0617B60127F59B5100CACA99 /* BLEManager.swift */; };
		067F1FB127EC5EE50006C3AC /* MoveSenseAppApp.swift in Sources */ = {isa = PBXBuildFile; fileRef = 067F1FB027EC5EE50006C3AC /* MoveSenseAppApp.swift */; };
		067F1FB327EC5EE50006C3AC /* ContentView.swift in Sources */ = {isa = PBXBuildFile; fileRef = 067F1FB227EC5EE50006C3AC /* ContentView.swift */; };
		067F1FB527EC5EE60006C3AC /* Assets.xcassets in Resources */ = {isa = PBXBuildFile; fileRef = 067F1FB427EC5EE60006C3AC /* Assets.xcassets */; };
		067F1FB827EC5EE60006C3AC /* Preview Assets.xcassets in Resources */ = {isa = PBXBuildFile; fileRef = 067F1FB727EC5EE60006C3AC /* Preview Assets.xcassets */; };
		06D8D4D22803FE5900139D08 /* MoveSenseController2.swift in Sources */ = {isa = PBXBuildFile; fileRef = 06D8D4D12803FE5900139D08 /* MoveSenseController2.swift */; };
		06FB56722805867000429F3B /* Math.swift in Sources */ = {isa = PBXBuildFile; fileRef = 06FB56712805867000429F3B /* Math.swift */; };
		6A13260827F591F300D79EF3 /* Home.swift in Sources */ = {isa = PBXBuildFile; fileRef = 6A13260727F591F300D79EF3 /* Home.swift */; };
		6A13260A27F5920300D79EF3 /* Sensors.swift in Sources */ = {isa = PBXBuildFile; fileRef = 6A13260927F5920300D79EF3 /* Sensors.swift */; };
		6A13260C27F5920C00D79EF3 /* Data.swift in Sources */ = {isa = PBXBuildFile; fileRef = 6A13260B27F5920C00D79EF3 /* Data.swift */; };
		6A13260E27F5921900D79EF3 /* Database.swift in Sources */ = {isa = PBXBuildFile; fileRef = 6A13260D27F5921900D79EF3 /* Database.swift */; };
		6A39335A27FAE23300F2AB9A /* MoveSenseController.swift in Sources */ = {isa = PBXBuildFile; fileRef = 6A39335927FAE23300F2AB9A /* MoveSenseController.swift */; };
		6AD454F227F5E4D10033A614 /* Movesense.framework in Frameworks */ = {isa = PBXBuildFile; fileRef = 6AD454F127F5E4D10033A614 /* Movesense.framework */; };
		6AD454F427F5E6D60033A614 /* libmds.a in Frameworks */ = {isa = PBXBuildFile; fileRef = 6AD454F327F5E6D60033A614 /* libmds.a */; };
		D571DBDAA4E7D06D7AD259AF /* Pods_MoveSenseApp.framework in Frameworks */ = {isa = PBXBuildFile; fileRef = 5F581BBF8EB3665C3F814728 /* Pods_MoveSenseApp.framework */; };
/* End PBXBuildFile section */

/* Begin PBXFileReference section */
		0600E2AD2805651D00265E2D /* SenseiParser.swift */ = {isa = PBXFileReference; fileEncoding = 4; lastKnownFileType = sourcecode.swift; path = SenseiParser.swift; sourceTree = "<group>"; };
		0600E2AE2805651E00265E2D /* testDataSensei2062.json */ = {isa = PBXFileReference; fileEncoding = 4; lastKnownFileType = text.json; path = testDataSensei2062.json; sourceTree = "<group>"; };
		0600E2AF2805651E00265E2D /* testDataSensei1852.json */ = {isa = PBXFileReference; fileEncoding = 4; lastKnownFileType = text.json; path = testDataSensei1852.json; sourceTree = "<group>"; };
		0600E2B02805651E00265E2D /* testDataElevator2061.json */ = {isa = PBXFileReference; fileEncoding = 4; lastKnownFileType = text.json; path = testDataElevator2061.json; sourceTree = "<group>"; };
		0600E2B12805651E00265E2D /* testDataElevator2062.json */ = {isa = PBXFileReference; fileEncoding = 4; lastKnownFileType = text.json; path = testDataElevator2062.json; sourceTree = "<group>"; };
		0600E2B22805651E00265E2D /* testDataSensei1851.json */ = {isa = PBXFileReference; fileEncoding = 4; lastKnownFileType = text.json; path = testDataSensei1851.json; sourceTree = "<group>"; };
		0600E2B32805651E00265E2D /* testDataSensei2061.json */ = {isa = PBXFileReference; fileEncoding = 4; lastKnownFileType = text.json; path = testDataSensei2061.json; sourceTree = "<group>"; };
		06166896280414E8004E6CFC /* MovesenseCodingKeys.swift */ = {isa = PBXFileReference; fileEncoding = 4; lastKnownFileType = sourcecode.swift; path = MovesenseCodingKeys.swift; sourceTree = "<group>"; };
		06166897280414E8004E6CFC /* MovesenseConnection.swift */ = {isa = PBXFileReference; fileEncoding = 4; lastKnownFileType = sourcecode.swift; path = MovesenseConnection.swift; sourceTree = "<group>"; };
		06166898280414E8004E6CFC /* MovesenseOperation.swift */ = {isa = PBXFileReference; fileEncoding = 4; lastKnownFileType = sourcecode.swift; path = MovesenseOperation.swift; sourceTree = "<group>"; };
		06166899280414E8004E6CFC /* MovesenseResource.swift */ = {isa = PBXFileReference; fileEncoding = 4; lastKnownFileType = sourcecode.swift; path = MovesenseResource.swift; sourceTree = "<group>"; };
		0616689A280414E9004E6CFC /* MovesenseBleController.swift */ = {isa = PBXFileReference; fileEncoding = 4; lastKnownFileType = sourcecode.swift; path = MovesenseBleController.swift; sourceTree = "<group>"; };
		0616689B280414E9004E6CFC /* MovesenseRequest.swift */ = {isa = PBXFileReference; fileEncoding = 4; lastKnownFileType = sourcecode.swift; path = MovesenseRequest.swift; sourceTree = "<group>"; };
		0616689C280414E9004E6CFC /* Observer.swift */ = {isa = PBXFileReference; fileEncoding = 4; lastKnownFileType = sourcecode.swift; path = Observer.swift; sourceTree = "<group>"; };
		0616689D280414E9004E6CFC /* MovesenseController.swift */ = {isa = PBXFileReference; fileEncoding = 4; lastKnownFileType = sourcecode.swift; path = MovesenseController.swift; sourceTree = "<group>"; };
		0616689E280414E9004E6CFC /* MovesenseApi.swift */ = {isa = PBXFileReference; fileEncoding = 4; lastKnownFileType = sourcecode.swift; path = MovesenseApi.swift; sourceTree = "<group>"; };
		0616689F280414E9004E6CFC /* MovesenseApiConcrete.swift */ = {isa = PBXFileReference; fileEncoding = 4; lastKnownFileType = sourcecode.swift; path = MovesenseApiConcrete.swift; sourceTree = "<group>"; };
		061668A0280414E9004E6CFC /* MovesenseEvent.swift */ = {isa = PBXFileReference; fileEncoding = 4; lastKnownFileType = sourcecode.swift; path = MovesenseEvent.swift; sourceTree = "<group>"; };
		061668A1280414E9004E6CFC /* MovesenseTypes.swift */ = {isa = PBXFileReference; fileEncoding = 4; lastKnownFileType = sourcecode.swift; path = MovesenseTypes.swift; sourceTree = "<group>"; };
		061668A2280414E9004E6CFC /* MovesenseModel.swift */ = {isa = PBXFileReference; fileEncoding = 4; lastKnownFileType = sourcecode.swift; path = MovesenseModel.swift; sourceTree = "<group>"; };
		061668A3280414E9004E6CFC /* MovesenseResponse.swift */ = {isa = PBXFileReference; fileEncoding = 4; lastKnownFileType = sourcecode.swift; path = MovesenseResponse.swift; sourceTree = "<group>"; };
		061668A4280414E9004E6CFC /* MovesenseDeviceConcrete.swift */ = {isa = PBXFileReference; fileEncoding = 4; lastKnownFileType = sourcecode.swift; path = MovesenseDeviceConcrete.swift; sourceTree = "<group>"; };
		061668A6280414EA004E6CFC /* Collection+subscript.swift */ = {isa = PBXFileReference; fileEncoding = 4; lastKnownFileType = sourcecode.swift; path = "Collection+subscript.swift"; sourceTree = "<group>"; };
		061668A7280414EA004E6CFC /* MovesenseMethodParameter.swift */ = {isa = PBXFileReference; fileEncoding = 4; lastKnownFileType = sourcecode.swift; path = MovesenseMethodParameter.swift; sourceTree = "<group>"; };
		0617B60127F59B5100CACA99 /* BLEManager.swift */ = {isa = PBXFileReference; lastKnownFileType = sourcecode.swift; path = BLEManager.swift; sourceTree = "<group>"; };
		067F1FAD27EC5EE50006C3AC /* MoveSenseApp.app */ = {isa = PBXFileReference; explicitFileType = wrapper.application; includeInIndex = 0; path = MoveSenseApp.app; sourceTree = BUILT_PRODUCTS_DIR; };
		067F1FB027EC5EE50006C3AC /* MoveSenseAppApp.swift */ = {isa = PBXFileReference; lastKnownFileType = sourcecode.swift; path = MoveSenseAppApp.swift; sourceTree = "<group>"; };
		067F1FB227EC5EE50006C3AC /* ContentView.swift */ = {isa = PBXFileReference; lastKnownFileType = sourcecode.swift; path = ContentView.swift; sourceTree = "<group>"; };
		067F1FB427EC5EE60006C3AC /* Assets.xcassets */ = {isa = PBXFileReference; lastKnownFileType = folder.assetcatalog; path = Assets.xcassets; sourceTree = "<group>"; };
		067F1FB727EC5EE60006C3AC /* Preview Assets.xcassets */ = {isa = PBXFileReference; lastKnownFileType = folder.assetcatalog; path = "Preview Assets.xcassets"; sourceTree = "<group>"; };
		06D8D4D12803FE5900139D08 /* MoveSenseController2.swift */ = {isa = PBXFileReference; lastKnownFileType = sourcecode.swift; path = MoveSenseController2.swift; sourceTree = "<group>"; };
		06FB56712805867000429F3B /* Math.swift */ = {isa = PBXFileReference; lastKnownFileType = sourcecode.swift; path = Math.swift; sourceTree = "<group>"; };
		5F581BBF8EB3665C3F814728 /* Pods_MoveSenseApp.framework */ = {isa = PBXFileReference; explicitFileType = wrapper.framework; includeInIndex = 0; path = Pods_MoveSenseApp.framework; sourceTree = BUILT_PRODUCTS_DIR; };
		6A13260727F591F300D79EF3 /* Home.swift */ = {isa = PBXFileReference; lastKnownFileType = sourcecode.swift; path = Home.swift; sourceTree = "<group>"; };
		6A13260927F5920300D79EF3 /* Sensors.swift */ = {isa = PBXFileReference; lastKnownFileType = sourcecode.swift; path = Sensors.swift; sourceTree = "<group>"; };
		6A13260B27F5920C00D79EF3 /* Data.swift */ = {isa = PBXFileReference; lastKnownFileType = sourcecode.swift; path = Data.swift; sourceTree = "<group>"; };
		6A13260D27F5921900D79EF3 /* Database.swift */ = {isa = PBXFileReference; lastKnownFileType = sourcecode.swift; path = Database.swift; sourceTree = "<group>"; };
		6A39335927FAE23300F2AB9A /* MoveSenseController.swift */ = {isa = PBXFileReference; lastKnownFileType = sourcecode.swift; path = MoveSenseController.swift; sourceTree = "<group>"; };
		6AD454EF27F5DCC40033A614 /* Movesense.framework */ = {isa = PBXFileReference; explicitFileType = wrapper.framework; path = Movesense.framework; sourceTree = BUILT_PRODUCTS_DIR; };
		6AD454F127F5E4D10033A614 /* Movesense.framework */ = {isa = PBXFileReference; explicitFileType = wrapper.framework; path = Movesense.framework; sourceTree = BUILT_PRODUCTS_DIR; };
		6AD454F327F5E6D60033A614 /* libmds.a */ = {isa = PBXFileReference; lastKnownFileType = archive.ar; name = libmds.a; path = "Pods/Movesense/IOS/Movesense/Release-iphoneos/libmds.a"; sourceTree = "<group>"; };
		72B4E5FF8B4940C9EC219825 /* Pods-MoveSenseApp.release.xcconfig */ = {isa = PBXFileReference; includeInIndex = 1; lastKnownFileType = text.xcconfig; name = "Pods-MoveSenseApp.release.xcconfig"; path = "Target Support Files/Pods-MoveSenseApp/Pods-MoveSenseApp.release.xcconfig"; sourceTree = "<group>"; };
		D850FF8B2D19CA5F2C569AEC /* Pods-MoveSenseApp.debug.xcconfig */ = {isa = PBXFileReference; includeInIndex = 1; lastKnownFileType = text.xcconfig; name = "Pods-MoveSenseApp.debug.xcconfig"; path = "Target Support Files/Pods-MoveSenseApp/Pods-MoveSenseApp.debug.xcconfig"; sourceTree = "<group>"; };
/* End PBXFileReference section */

/* Begin PBXFrameworksBuildPhase section */
		067F1FAA27EC5EE50006C3AC /* Frameworks */ = {
			isa = PBXFrameworksBuildPhase;
			buildActionMask = 2147483647;
			files = (
				6AD454F427F5E6D60033A614 /* libmds.a in Frameworks */,
				6AD454F227F5E4D10033A614 /* Movesense.framework in Frameworks */,
				D571DBDAA4E7D06D7AD259AF /* Pods_MoveSenseApp.framework in Frameworks */,
			);
			runOnlyForDeploymentPostprocessing = 0;
		};
/* End PBXFrameworksBuildPhase section */

/* Begin PBXGroup section */
		0600E2AB280564A700265E2D /* Api */ = {
			isa = PBXGroup;
			children = (
				061668A5280414EA004E6CFC /* extensions */,
				0616689E280414E9004E6CFC /* MovesenseApi.swift */,
				0616689F280414E9004E6CFC /* MovesenseApiConcrete.swift */,
				0616689A280414E9004E6CFC /* MovesenseBleController.swift */,
				06166896280414E8004E6CFC /* MovesenseCodingKeys.swift */,
				06166897280414E8004E6CFC /* MovesenseConnection.swift */,
				0616689D280414E9004E6CFC /* MovesenseController.swift */,
				061668A4280414E9004E6CFC /* MovesenseDeviceConcrete.swift */,
				061668A0280414E9004E6CFC /* MovesenseEvent.swift */,
				061668A7280414EA004E6CFC /* MovesenseMethodParameter.swift */,
				061668A2280414E9004E6CFC /* MovesenseModel.swift */,
				06166898280414E8004E6CFC /* MovesenseOperation.swift */,
				0616689B280414E9004E6CFC /* MovesenseRequest.swift */,
				06166899280414E8004E6CFC /* MovesenseResource.swift */,
				061668A3280414E9004E6CFC /* MovesenseResponse.swift */,
				061668A1280414E9004E6CFC /* MovesenseTypes.swift */,
				0616689C280414E9004E6CFC /* Observer.swift */,
			);
			path = Api;
			sourceTree = "<group>";
		};
		0600E2AC280564C900265E2D /* SensorData */ = {
			isa = PBXGroup;
			children = (
				0600E2AD2805651D00265E2D /* SenseiParser.swift */,
				0600E2B02805651E00265E2D /* testDataElevator2061.json */,
				0600E2B12805651E00265E2D /* testDataElevator2062.json */,
				0600E2B22805651E00265E2D /* testDataSensei1851.json */,
				0600E2AF2805651E00265E2D /* testDataSensei1852.json */,
				0600E2B32805651E00265E2D /* testDataSensei2061.json */,
				0600E2AE2805651E00265E2D /* testDataSensei2062.json */,
			);
			path = SensorData;
			sourceTree = "<group>";
		};
		061668A5280414EA004E6CFC /* extensions */ = {
			isa = PBXGroup;
			children = (
				061668A6280414EA004E6CFC /* Collection+subscript.swift */,
			);
			path = extensions;
			sourceTree = "<group>";
		};
		067F1FA427EC5EE50006C3AC = {
			isa = PBXGroup;
			children = (
				06FB56702805863300429F3B /* MathFunctions */,
				0600E2AC280564C900265E2D /* SensorData */,
				0600E2AB280564A700265E2D /* Api */,
				6A39335827FAE20700F2AB9A /* Controllers */,
				6A13260627F591E400D79EF3 /* Views */,
				067F1FAF27EC5EE50006C3AC /* MoveSenseApp */,
				067F1FAE27EC5EE50006C3AC /* Products */,
				2FFBD05792985A212A22CC9A /* Pods */,
				3E40EBCB912263B57559846A /* Frameworks */,
			);
			sourceTree = "<group>";
		};
		067F1FAE27EC5EE50006C3AC /* Products */ = {
			isa = PBXGroup;
			children = (
				067F1FAD27EC5EE50006C3AC /* MoveSenseApp.app */,
			);
			name = Products;
			sourceTree = "<group>";
		};
		067F1FAF27EC5EE50006C3AC /* MoveSenseApp */ = {
			isa = PBXGroup;
			children = (
				0617B60127F59B5100CACA99 /* BLEManager.swift */,
				067F1FB027EC5EE50006C3AC /* MoveSenseAppApp.swift */,
				067F1FB227EC5EE50006C3AC /* ContentView.swift */,
				067F1FB427EC5EE60006C3AC /* Assets.xcassets */,
				067F1FB627EC5EE60006C3AC /* Preview Content */,
			);
			path = MoveSenseApp;
			sourceTree = "<group>";
		};
		067F1FB627EC5EE60006C3AC /* Preview Content */ = {
			isa = PBXGroup;
			children = (
				067F1FB727EC5EE60006C3AC /* Preview Assets.xcassets */,
			);
			path = "Preview Content";
			sourceTree = "<group>";
		};
		06FB56702805863300429F3B /* MathFunctions */ = {
			isa = PBXGroup;
			children = (
				06FB56712805867000429F3B /* Math.swift */,
			);
			path = MathFunctions;
			sourceTree = "<group>";
		};
		2FFBD05792985A212A22CC9A /* Pods */ = {
			isa = PBXGroup;
			children = (
				D850FF8B2D19CA5F2C569AEC /* Pods-MoveSenseApp.debug.xcconfig */,
				72B4E5FF8B4940C9EC219825 /* Pods-MoveSenseApp.release.xcconfig */,
			);
			path = Pods;
			sourceTree = "<group>";
		};
		3E40EBCB912263B57559846A /* Frameworks */ = {
			isa = PBXGroup;
			children = (
				6AD454F327F5E6D60033A614 /* libmds.a */,
				6AD454F127F5E4D10033A614 /* Movesense.framework */,
				6AD454EF27F5DCC40033A614 /* Movesense.framework */,
				5F581BBF8EB3665C3F814728 /* Pods_MoveSenseApp.framework */,
			);
			name = Frameworks;
			sourceTree = "<group>";
		};
		6A13260627F591E400D79EF3 /* Views */ = {
			isa = PBXGroup;
			children = (
				6A13260727F591F300D79EF3 /* Home.swift */,
				6A13260927F5920300D79EF3 /* Sensors.swift */,
				6A13260B27F5920C00D79EF3 /* Data.swift */,
				6A13260D27F5921900D79EF3 /* Database.swift */,
			);
			path = Views;
			sourceTree = "<group>";
		};
		6A39335827FAE20700F2AB9A /* Controllers */ = {
			isa = PBXGroup;
			children = (
				6A39335927FAE23300F2AB9A /* MoveSenseController.swift */,
				06D8D4D12803FE5900139D08 /* MoveSenseController2.swift */,
			);
			path = Controllers;
			sourceTree = "<group>";
		};
/* End PBXGroup section */

/* Begin PBXNativeTarget section */
		067F1FAC27EC5EE50006C3AC /* MoveSenseApp */ = {
			isa = PBXNativeTarget;
			buildConfigurationList = 067F1FBB27EC5EE60006C3AC /* Build configuration list for PBXNativeTarget "MoveSenseApp" */;
			buildPhases = (
				F97D762ABC616B8EB8142699 /* [CP] Check Pods Manifest.lock */,
				067F1FA927EC5EE50006C3AC /* Sources */,
				067F1FAA27EC5EE50006C3AC /* Frameworks */,
				067F1FAB27EC5EE50006C3AC /* Resources */,
				A563CFF904C2078A33B2582B /* [CP] Embed Pods Frameworks */,
			);
			buildRules = (
			);
			dependencies = (
			);
			name = MoveSenseApp;
			productName = MoveSenseApp;
			productReference = 067F1FAD27EC5EE50006C3AC /* MoveSenseApp.app */;
			productType = "com.apple.product-type.application";
		};
/* End PBXNativeTarget section */

/* Begin PBXProject section */
		067F1FA527EC5EE50006C3AC /* Project object */ = {
			isa = PBXProject;
			attributes = {
				BuildIndependentTargetsInParallel = 1;
				LastSwiftUpdateCheck = 1330;
				LastUpgradeCheck = 1330;
				TargetAttributes = {
					067F1FAC27EC5EE50006C3AC = {
						CreatedOnToolsVersion = 13.3;
					};
				};
			};
			buildConfigurationList = 067F1FA827EC5EE50006C3AC /* Build configuration list for PBXProject "MoveSenseApp" */;
			compatibilityVersion = "Xcode 13.0";
			developmentRegion = en;
			hasScannedForEncodings = 0;
			knownRegions = (
				en,
				Base,
			);
			mainGroup = 067F1FA427EC5EE50006C3AC;
			productRefGroup = 067F1FAE27EC5EE50006C3AC /* Products */;
			projectDirPath = "";
			projectRoot = "";
			targets = (
				067F1FAC27EC5EE50006C3AC /* MoveSenseApp */,
			);
		};
/* End PBXProject section */

/* Begin PBXResourcesBuildPhase section */
		067F1FAB27EC5EE50006C3AC /* Resources */ = {
			isa = PBXResourcesBuildPhase;
			buildActionMask = 2147483647;
			files = (
				0600E2B62805651E00265E2D /* testDataSensei1852.json in Resources */,
				0600E2BA2805651E00265E2D /* testDataSensei2061.json in Resources */,
				067F1FB827EC5EE60006C3AC /* Preview Assets.xcassets in Resources */,
				067F1FB527EC5EE60006C3AC /* Assets.xcassets in Resources */,
				0600E2B92805651E00265E2D /* testDataSensei1851.json in Resources */,
				0600E2B72805651E00265E2D /* testDataElevator2061.json in Resources */,
				0600E2B52805651E00265E2D /* testDataSensei2062.json in Resources */,
				0600E2B82805651E00265E2D /* testDataElevator2062.json in Resources */,
			);
			runOnlyForDeploymentPostprocessing = 0;
		};
/* End PBXResourcesBuildPhase section */

/* Begin PBXShellScriptBuildPhase section */
		A563CFF904C2078A33B2582B /* [CP] Embed Pods Frameworks */ = {
			isa = PBXShellScriptBuildPhase;
			buildActionMask = 2147483647;
			files = (
			);
			inputFileListPaths = (
				"${PODS_ROOT}/Target Support Files/Pods-MoveSenseApp/Pods-MoveSenseApp-frameworks-${CONFIGURATION}-input-files.xcfilelist",
			);
			name = "[CP] Embed Pods Frameworks";
			outputFileListPaths = (
				"${PODS_ROOT}/Target Support Files/Pods-MoveSenseApp/Pods-MoveSenseApp-frameworks-${CONFIGURATION}-output-files.xcfilelist",
			);
			runOnlyForDeploymentPostprocessing = 0;
			shellPath = /bin/sh;
			shellScript = "\"${PODS_ROOT}/Target Support Files/Pods-MoveSenseApp/Pods-MoveSenseApp-frameworks.sh\"\n";
			showEnvVarsInLog = 0;
		};
		F97D762ABC616B8EB8142699 /* [CP] Check Pods Manifest.lock */ = {
			isa = PBXShellScriptBuildPhase;
			buildActionMask = 2147483647;
			files = (
			);
			inputFileListPaths = (
			);
			inputPaths = (
				"${PODS_PODFILE_DIR_PATH}/Podfile.lock",
				"${PODS_ROOT}/Manifest.lock",
			);
			name = "[CP] Check Pods Manifest.lock";
			outputFileListPaths = (
			);
			outputPaths = (
				"$(DERIVED_FILE_DIR)/Pods-MoveSenseApp-checkManifestLockResult.txt",
			);
			runOnlyForDeploymentPostprocessing = 0;
			shellPath = /bin/sh;
			shellScript = "diff \"${PODS_PODFILE_DIR_PATH}/Podfile.lock\" \"${PODS_ROOT}/Manifest.lock\" > /dev/null\nif [ $? != 0 ] ; then\n    # print error to STDERR\n    echo \"error: The sandbox is not in sync with the Podfile.lock. Run 'pod install' or update your CocoaPods installation.\" >&2\n    exit 1\nfi\n# This output is used by Xcode 'outputs' to avoid re-running this script phase.\necho \"SUCCESS\" > \"${SCRIPT_OUTPUT_FILE_0}\"\n";
			showEnvVarsInLog = 0;
		};
/* End PBXShellScriptBuildPhase section */

/* Begin PBXSourcesBuildPhase section */
		067F1FA927EC5EE50006C3AC /* Sources */ = {
			isa = PBXSourcesBuildPhase;
			buildActionMask = 2147483647;
			files = (
				6A13260E27F5921900D79EF3 /* Database.swift in Sources */,
				061668AE280414EA004E6CFC /* Observer.swift in Sources */,
				061668B8280414EA004E6CFC /* MovesenseMethodParameter.swift in Sources */,
				06FB56722805867000429F3B /* Math.swift in Sources */,
				061668AC280414EA004E6CFC /* MovesenseBleController.swift in Sources */,
				061668B1280414EA004E6CFC /* MovesenseApiConcrete.swift in Sources */,
				061668B5280414EA004E6CFC /* MovesenseResponse.swift in Sources */,
				067F1FB327EC5EE50006C3AC /* ContentView.swift in Sources */,
				061668B0280414EA004E6CFC /* MovesenseApi.swift in Sources */,
				0617B60227F59B5100CACA99 /* BLEManager.swift in Sources */,
				061668B6280414EA004E6CFC /* MovesenseDeviceConcrete.swift in Sources */,
				6A13260C27F5920C00D79EF3 /* Data.swift in Sources */,
				061668AB280414EA004E6CFC /* MovesenseResource.swift in Sources */,
				061668B4280414EA004E6CFC /* MovesenseModel.swift in Sources */,
				061668A9280414EA004E6CFC /* MovesenseConnection.swift in Sources */,
				061668AA280414EA004E6CFC /* MovesenseOperation.swift in Sources */,
				061668AD280414EA004E6CFC /* MovesenseRequest.swift in Sources */,
				6A13260A27F5920300D79EF3 /* Sensors.swift in Sources */,
				6A39335A27FAE23300F2AB9A /* MoveSenseController.swift in Sources */,
				061668AF280414EA004E6CFC /* MovesenseController.swift in Sources */,
				6A13260827F591F300D79EF3 /* Home.swift in Sources */,
				0600E2B42805651E00265E2D /* SenseiParser.swift in Sources */,
				06D8D4D22803FE5900139D08 /* MoveSenseController2.swift in Sources */,
				067F1FB127EC5EE50006C3AC /* MoveSenseAppApp.swift in Sources */,
				061668B3280414EA004E6CFC /* MovesenseTypes.swift in Sources */,
				061668B2280414EA004E6CFC /* MovesenseEvent.swift in Sources */,
				061668B7280414EA004E6CFC /* Collection+subscript.swift in Sources */,
				061668A8280414EA004E6CFC /* MovesenseCodingKeys.swift in Sources */,
			);
			runOnlyForDeploymentPostprocessing = 0;
		};
/* End PBXSourcesBuildPhase section */

/* Begin XCBuildConfiguration section */
		067F1FB927EC5EE60006C3AC /* Debug */ = {
			isa = XCBuildConfiguration;
			buildSettings = {
				ALWAYS_SEARCH_USER_PATHS = NO;
				CLANG_ANALYZER_NONNULL = YES;
				CLANG_ANALYZER_NUMBER_OBJECT_CONVERSION = YES_AGGRESSIVE;
				CLANG_CXX_LANGUAGE_STANDARD = "gnu++17";
				CLANG_ENABLE_MODULES = YES;
				CLANG_ENABLE_OBJC_ARC = YES;
				CLANG_ENABLE_OBJC_WEAK = YES;
				CLANG_WARN_BLOCK_CAPTURE_AUTORELEASING = YES;
				CLANG_WARN_BOOL_CONVERSION = YES;
				CLANG_WARN_COMMA = YES;
				CLANG_WARN_CONSTANT_CONVERSION = YES;
				CLANG_WARN_DEPRECATED_OBJC_IMPLEMENTATIONS = YES;
				CLANG_WARN_DIRECT_OBJC_ISA_USAGE = YES_ERROR;
				CLANG_WARN_DOCUMENTATION_COMMENTS = YES;
				CLANG_WARN_EMPTY_BODY = YES;
				CLANG_WARN_ENUM_CONVERSION = YES;
				CLANG_WARN_INFINITE_RECURSION = YES;
				CLANG_WARN_INT_CONVERSION = YES;
				CLANG_WARN_NON_LITERAL_NULL_CONVERSION = YES;
				CLANG_WARN_OBJC_IMPLICIT_RETAIN_SELF = YES;
				CLANG_WARN_OBJC_LITERAL_CONVERSION = YES;
				CLANG_WARN_OBJC_ROOT_CLASS = YES_ERROR;
				CLANG_WARN_QUOTED_INCLUDE_IN_FRAMEWORK_HEADER = YES;
				CLANG_WARN_RANGE_LOOP_ANALYSIS = YES;
				CLANG_WARN_STRICT_PROTOTYPES = YES;
				CLANG_WARN_SUSPICIOUS_MOVE = YES;
				CLANG_WARN_UNGUARDED_AVAILABILITY = YES_AGGRESSIVE;
				CLANG_WARN_UNREACHABLE_CODE = YES;
				CLANG_WARN__DUPLICATE_METHOD_MATCH = YES;
				COPY_PHASE_STRIP = NO;
				DEBUG_INFORMATION_FORMAT = dwarf;
				ENABLE_STRICT_OBJC_MSGSEND = YES;
				ENABLE_TESTABILITY = YES;
				GCC_C_LANGUAGE_STANDARD = gnu11;
				GCC_DYNAMIC_NO_PIC = NO;
				GCC_NO_COMMON_BLOCKS = YES;
				GCC_OPTIMIZATION_LEVEL = 0;
				GCC_PREPROCESSOR_DEFINITIONS = (
					"DEBUG=1",
					"$(inherited)",
				);
				GCC_WARN_64_TO_32_BIT_CONVERSION = YES;
				GCC_WARN_ABOUT_RETURN_TYPE = YES_ERROR;
				GCC_WARN_UNDECLARED_SELECTOR = YES;
				GCC_WARN_UNINITIALIZED_AUTOS = YES_AGGRESSIVE;
				GCC_WARN_UNUSED_FUNCTION = YES;
				GCC_WARN_UNUSED_VARIABLE = YES;
				IPHONEOS_DEPLOYMENT_TARGET = 15.4;
				MTL_ENABLE_DEBUG_INFO = INCLUDE_SOURCE;
				MTL_FAST_MATH = YES;
				ONLY_ACTIVE_ARCH = YES;
				SDKROOT = iphoneos;
				SWIFT_ACTIVE_COMPILATION_CONDITIONS = DEBUG;
				SWIFT_OPTIMIZATION_LEVEL = "-Onone";
			};
			name = Debug;
		};
		067F1FBA27EC5EE60006C3AC /* Release */ = {
			isa = XCBuildConfiguration;
			buildSettings = {
				ALWAYS_SEARCH_USER_PATHS = NO;
				CLANG_ANALYZER_NONNULL = YES;
				CLANG_ANALYZER_NUMBER_OBJECT_CONVERSION = YES_AGGRESSIVE;
				CLANG_CXX_LANGUAGE_STANDARD = "gnu++17";
				CLANG_ENABLE_MODULES = YES;
				CLANG_ENABLE_OBJC_ARC = YES;
				CLANG_ENABLE_OBJC_WEAK = YES;
				CLANG_WARN_BLOCK_CAPTURE_AUTORELEASING = YES;
				CLANG_WARN_BOOL_CONVERSION = YES;
				CLANG_WARN_COMMA = YES;
				CLANG_WARN_CONSTANT_CONVERSION = YES;
				CLANG_WARN_DEPRECATED_OBJC_IMPLEMENTATIONS = YES;
				CLANG_WARN_DIRECT_OBJC_ISA_USAGE = YES_ERROR;
				CLANG_WARN_DOCUMENTATION_COMMENTS = YES;
				CLANG_WARN_EMPTY_BODY = YES;
				CLANG_WARN_ENUM_CONVERSION = YES;
				CLANG_WARN_INFINITE_RECURSION = YES;
				CLANG_WARN_INT_CONVERSION = YES;
				CLANG_WARN_NON_LITERAL_NULL_CONVERSION = YES;
				CLANG_WARN_OBJC_IMPLICIT_RETAIN_SELF = YES;
				CLANG_WARN_OBJC_LITERAL_CONVERSION = YES;
				CLANG_WARN_OBJC_ROOT_CLASS = YES_ERROR;
				CLANG_WARN_QUOTED_INCLUDE_IN_FRAMEWORK_HEADER = YES;
				CLANG_WARN_RANGE_LOOP_ANALYSIS = YES;
				CLANG_WARN_STRICT_PROTOTYPES = YES;
				CLANG_WARN_SUSPICIOUS_MOVE = YES;
				CLANG_WARN_UNGUARDED_AVAILABILITY = YES_AGGRESSIVE;
				CLANG_WARN_UNREACHABLE_CODE = YES;
				CLANG_WARN__DUPLICATE_METHOD_MATCH = YES;
				COPY_PHASE_STRIP = NO;
				DEBUG_INFORMATION_FORMAT = "dwarf-with-dsym";
				ENABLE_NS_ASSERTIONS = NO;
				ENABLE_STRICT_OBJC_MSGSEND = YES;
				GCC_C_LANGUAGE_STANDARD = gnu11;
				GCC_NO_COMMON_BLOCKS = YES;
				GCC_WARN_64_TO_32_BIT_CONVERSION = YES;
				GCC_WARN_ABOUT_RETURN_TYPE = YES_ERROR;
				GCC_WARN_UNDECLARED_SELECTOR = YES;
				GCC_WARN_UNINITIALIZED_AUTOS = YES_AGGRESSIVE;
				GCC_WARN_UNUSED_FUNCTION = YES;
				GCC_WARN_UNUSED_VARIABLE = YES;
				IPHONEOS_DEPLOYMENT_TARGET = 15.4;
				MTL_ENABLE_DEBUG_INFO = NO;
				MTL_FAST_MATH = YES;
				SDKROOT = iphoneos;
				SWIFT_COMPILATION_MODE = wholemodule;
				SWIFT_OPTIMIZATION_LEVEL = "-O";
				VALIDATE_PRODUCT = YES;
			};
			name = Release;
		};
		067F1FBC27EC5EE60006C3AC /* Debug */ = {
			isa = XCBuildConfiguration;
			baseConfigurationReference = D850FF8B2D19CA5F2C569AEC /* Pods-MoveSenseApp.debug.xcconfig */;
			buildSettings = {
				ASSETCATALOG_COMPILER_APPICON_NAME = AppIcon;
				ASSETCATALOG_COMPILER_GLOBAL_ACCENT_COLOR_NAME = AccentColor;
				CODE_SIGN_IDENTITY = "Apple Development";
				CODE_SIGN_STYLE = Automatic;
				CURRENT_PROJECT_VERSION = 1;
				DEVELOPMENT_ASSET_PATHS = "\"MoveSenseApp/Preview Content\"";
				DEVELOPMENT_TEAM = P4436377R7;
				ENABLE_PREVIEWS = YES;
				GENERATE_INFOPLIST_FILE = YES;
				INFOPLIST_KEY_NSBluetoothAlwaysUsageDescription = "This app uses Bluetooth for scanning peripheral devices";
				INFOPLIST_KEY_UIApplicationSceneManifest_Generation = YES;
				INFOPLIST_KEY_UIApplicationSupportsIndirectInputEvents = YES;
				INFOPLIST_KEY_UILaunchScreen_Generation = YES;
				INFOPLIST_KEY_UISupportedInterfaceOrientations_iPad = "UIInterfaceOrientationPortrait UIInterfaceOrientationPortraitUpsideDown UIInterfaceOrientationLandscapeLeft UIInterfaceOrientationLandscapeRight";
				INFOPLIST_KEY_UISupportedInterfaceOrientations_iPhone = "UIInterfaceOrientationPortrait UIInterfaceOrientationLandscapeLeft UIInterfaceOrientationLandscapeRight";
				LD_RUNPATH_SEARCH_PATHS = (
					"$(inherited)",
					"@executable_path/Frameworks",
				);
				LIBRARY_SEARCH_PATHS = (
					"$(inherited)",
					"$(PROJECT_DIR)/Pods/Movesense/IOS/Movesense/Release-iphoneos",
				);
				MARKETING_VERSION = 1.0;
				PRODUCT_BUNDLE_IDENTIFIER = NonSense.Movesense;
				PRODUCT_NAME = "$(TARGET_NAME)";
				PROVISIONING_PROFILE_SPECIFIER = "";
				SWIFT_EMIT_LOC_STRINGS = YES;
				SWIFT_VERSION = 5.0;
				TARGETED_DEVICE_FAMILY = "1,2";
			};
			name = Debug;
		};
		067F1FBD27EC5EE60006C3AC /* Release */ = {
			isa = XCBuildConfiguration;
			baseConfigurationReference = 72B4E5FF8B4940C9EC219825 /* Pods-MoveSenseApp.release.xcconfig */;
			buildSettings = {
				ASSETCATALOG_COMPILER_APPICON_NAME = AppIcon;
				ASSETCATALOG_COMPILER_GLOBAL_ACCENT_COLOR_NAME = AccentColor;
				CODE_SIGN_IDENTITY = "Apple Development";
				CODE_SIGN_STYLE = Automatic;
				CURRENT_PROJECT_VERSION = 1;
				DEVELOPMENT_ASSET_PATHS = "\"MoveSenseApp/Preview Content\"";
				DEVELOPMENT_TEAM = P4436377R7;
				ENABLE_PREVIEWS = YES;
				GENERATE_INFOPLIST_FILE = YES;
				INFOPLIST_KEY_NSBluetoothAlwaysUsageDescription = "This app uses Bluetooth for scanning peripheral devices";
				INFOPLIST_KEY_UIApplicationSceneManifest_Generation = YES;
				INFOPLIST_KEY_UIApplicationSupportsIndirectInputEvents = YES;
				INFOPLIST_KEY_UILaunchScreen_Generation = YES;
				INFOPLIST_KEY_UISupportedInterfaceOrientations_iPad = "UIInterfaceOrientationPortrait UIInterfaceOrientationPortraitUpsideDown UIInterfaceOrientationLandscapeLeft UIInterfaceOrientationLandscapeRight";
				INFOPLIST_KEY_UISupportedInterfaceOrientations_iPhone = "UIInterfaceOrientationPortrait UIInterfaceOrientationLandscapeLeft UIInterfaceOrientationLandscapeRight";
				LD_RUNPATH_SEARCH_PATHS = (
					"$(inherited)",
					"@executable_path/Frameworks",
				);
				LIBRARY_SEARCH_PATHS = (
					"$(inherited)",
					"$(PROJECT_DIR)/Pods/Movesense/IOS/Movesense/Release-iphoneos",
				);
				MARKETING_VERSION = 1.0;
				PRODUCT_BUNDLE_IDENTIFIER = NonSense.Movesense;
				PRODUCT_NAME = "$(TARGET_NAME)";
				PROVISIONING_PROFILE_SPECIFIER = "";
				SWIFT_EMIT_LOC_STRINGS = YES;
				SWIFT_VERSION = 5.0;
				TARGETED_DEVICE_FAMILY = "1,2";
			};
			name = Release;
		};
/* End XCBuildConfiguration section */

/* Begin XCConfigurationList section */
		067F1FA827EC5EE50006C3AC /* Build configuration list for PBXProject "MoveSenseApp" */ = {
			isa = XCConfigurationList;
			buildConfigurations = (
				067F1FB927EC5EE60006C3AC /* Debug */,
				067F1FBA27EC5EE60006C3AC /* Release */,
			);
			defaultConfigurationIsVisible = 0;
			defaultConfigurationName = Release;
		};
		067F1FBB27EC5EE60006C3AC /* Build configuration list for PBXNativeTarget "MoveSenseApp" */ = {
			isa = XCConfigurationList;
			buildConfigurations = (
				067F1FBC27EC5EE60006C3AC /* Debug */,
				067F1FBD27EC5EE60006C3AC /* Release */,
			);
			defaultConfigurationIsVisible = 0;
			defaultConfigurationName = Release;
		};
/* End XCConfigurationList section */
	};
	rootObject = 067F1FA527EC5EE50006C3AC /* Project object */;
}
